
Microsoft Visual Studio Solution File, Format Version 12.00
# Visual Studio Version 17
VisualStudioVersion = 17.14.37301.10 d17.14
MinimumVisualStudioVersion = 10.0.40219.1
Project("{FAE04EC0-301F-11D3-BF4B-00C04F79EFBC}") = "Ejercicio3_Paradigmas", "Ejercicio3_Paradigmas.csproj", "{1E894DDA-EF27-4E4F-A29E-57EC72003C3B}"
EndProject
Global
	GlobalSection(SolutionConfigurationPlatforms) = preSolution
		Debug|Any CPU = Debug|Any CPU
		Release|Any CPU = Release|Any CPU
	EndGlobalSection
	GlobalSection(ProjectConfigurationPlatforms) = postSolution
		{1E894DDA-EF27-4E4F-A29E-57EC72003C3B}.Debug|Any CPU.ActiveCfg = Debug|Any CPU
		{1E894DDA-EF27-4E4F-A29E-57EC72003C3B}.Debug|Any CPU.Build.0 = Debug|Any CPU
		{1E894DDA-EF27-4E4F-A29E-57EC72003C3B}.Release|Any CPU.ActiveCfg = Release|Any CPU
		{1E894DDA-EF27-4E4F-A29E-57EC72003C3B}.Release|Any CPU.Build.0 = Release|Any CPU
	EndGlobalSection
	GlobalSection(SolutionProperties) = preSolution
		HideSolutionNode = FALSE
	EndGlobalSection
	GlobalSection(ExtensibilityGlobals) = postSolution
		SolutionGuid = {C06F607E-03DD-4894-B0BC-1BF738E2825E}
	EndGlobalSection
EndGlobal
